
Microsoft Visual Studio Solution File, Format Version 12.00
# Visual Studio Version 17
VisualStudioVersion = 17.4.33403.182
MinimumVisualStudioVersion = 10.0.40219.1
Project("{FAE04EC0-301F-11D3-BF4B-00C04F79EFBC}") = "Homework", "Homework\Homework.csproj", "{5977D7B8-A7D1-4052-9B78-1FD14611D0B7}"
EndProject
Global
	GlobalSection(SolutionConfigurationPlatforms) = preSolution
		Debug|Any CPU = Debug|Any CPU
		Release|Any CPU = Release|Any CPU
	EndGlobalSection
	GlobalSection(ProjectConfigurationPlatforms) = postSolution
		{5977D7B8-A7D1-4052-9B78-1FD14611D0B7}.Debug|Any CPU.ActiveCfg = Debug|Any CPU
		{5977D7B8-A7D1-4052-9B78-1FD14611D0B7}.Debug|Any CPU.Build.0 = Debug|Any CPU
		{5977D7B8-A7D1-4052-9B78-1FD14611D0B7}.Release|Any CPU.ActiveCfg = Release|Any CPU
		{5977D7B8-A7D1-4052-9B78-1FD14611D0B7}.Release|Any CPU.Build.0 = Release|Any CPU
	EndGlobalSection
	GlobalSection(SolutionProperties) = preSolution
		HideSolutionNode = FALSE
	EndGlobalSection
	GlobalSection(ExtensibilityGlobals) = postSolution
		SolutionGuid = {322D3AAE-573F-40A8-887B-588747B1E5B5}
	EndGlobalSection
EndGlobal
